
Microsoft Visual Studio Solution File, Format Version 12.00
# Visual Studio Version 16
VisualStudioVersion = 16.0.30717.126
MinimumVisualStudioVersion = 10.0.40219.1
Project("{2150E333-8FDC-42A3-9474-1A3956D46DE8}") = "Microservicios", "Microservicios", "{CC528640-21A8-4D9B-8594-010A77C6EDCD}"
EndProject
Project("{2150E333-8FDC-42A3-9474-1A3956D46DE8}") = "Logica", "Logica", "{0BBDB536-D8C2-4FE4-AC59-2CBB3EE9F499}"
EndProject
Project("{2150E333-8FDC-42A3-9474-1A3956D46DE8}") = "Modelos", "Modelos", "{0FE41EA5-058B-4DA7-BF3E-D1A103CE39ED}"
EndProject
Project("{2150E333-8FDC-42A3-9474-1A3956D46DE8}") = "Utilities", "Utilities", "{386EF834-2B07-4AAE-8E93-B348BF741CDB}"
EndProject
Project("{9A19103F-16F7-4668-BE54-9A1E7A4F7556}") = "ApiSeguridad", "Microservicios\ApiSeguridad\ApiSeguridad.csproj", "{B41109B9-E837-47C4-98A9-320DFCEFFC3C}"
EndProject
Project("{9A19103F-16F7-4668-BE54-9A1E7A4F7556}") = "ApiGatewayWeb", "Microservicios\ApiGatewayWeb\ApiGatewayWeb.csproj", "{BBD012C5-4170-4C6F-978F-F81456B64534}"
EndProject
Project("{9A19103F-16F7-4668-BE54-9A1E7A4F7556}") = "ApiGeneral", "Microservicios\ApiGeneral\ApiGeneral.csproj", "{72D6D921-F46E-4A18-904E-6142F0811FD4}"
EndProject
Project("{9A19103F-16F7-4668-BE54-9A1E7A4F7556}") = "LogicaDatos", "Logica\LogicaDatos\LogicaDatos.csproj", "{B43ACA0B-B37E-4CE3-AEA4-5353A15F49F4}"
EndProject
Project("{9A19103F-16F7-4668-BE54-9A1E7A4F7556}") = "LogicaNegocio", "Logica\LogicaNegocio\LogicaNegocio.csproj", "{39B06216-8A51-4985-BC40-9ECEBA332768}"
EndProject
Project("{9A19103F-16F7-4668-BE54-9A1E7A4F7556}") = "Utilities", "Utilities\Utilities\Utilities.csproj", "{6C39BFDB-4563-4574-8333-DC79F4FC02CB}"
EndProject
Project("{9A19103F-16F7-4668-BE54-9A1E7A4F7556}") = "ViewModel", "Modelos\ViewModel\ViewModel.csproj", "{D01C008B-FA64-42EE-8E04-0F963D73EA16}"
EndProject
Project("{9A19103F-16F7-4668-BE54-9A1E7A4F7556}") = "Modelo", "Modelos\Modelo\Modelo.csproj", "{2424DF35-BAA3-426A-9104-229CEA8DBC7B}"
EndProject
Project("{9A19103F-16F7-4668-BE54-9A1E7A4F7556}") = "ApiComun", "Microservicios\ApiComun\ApiComun.csproj", "{3FD9AB0C-EF5C-4187-9DC2-F5C98CA0ED77}"
EndProject
Project("{9A19103F-16F7-4668-BE54-9A1E7A4F7556}") = "ApiMensajeria", "Microservicios\ApiMensajeria\ApiMensajeria.csproj", "{B3B7B354-1537-4CAC-943A-4C68E0B52669}"
EndProject
Project("{9A19103F-16F7-4668-BE54-9A1E7A4F7556}") = "ApiVenta", "Microservicios\ApiVenta\ApiVenta.csproj", "{D215CB0D-E033-46E7-8B5B-7BEF4A14D6A8}"
EndProject
Global
	GlobalSection(SolutionConfigurationPlatforms) = preSolution
		Debug|Any CPU = Debug|Any CPU
		Release|Any CPU = Release|Any CPU
	EndGlobalSection
	GlobalSection(ProjectConfigurationPlatforms) = postSolution
		{B41109B9-E837-47C4-98A9-320DFCEFFC3C}.Debug|Any CPU.ActiveCfg = Debug|Any CPU
		{B41109B9-E837-47C4-98A9-320DFCEFFC3C}.Debug|Any CPU.Build.0 = Debug|Any CPU
		{B41109B9-E837-47C4-98A9-320DFCEFFC3C}.Release|Any CPU.ActiveCfg = Release|Any CPU
		{B41109B9-E837-47C4-98A9-320DFCEFFC3C}.Release|Any CPU.Build.0 = Release|Any CPU
		{BBD012C5-4170-4C6F-978F-F81456B64534}.Debug|Any CPU.ActiveCfg = Debug|Any CPU
		{BBD012C5-4170-4C6F-978F-F81456B64534}.Debug|Any CPU.Build.0 = Debug|Any CPU
		{BBD012C5-4170-4C6F-978F-F81456B64534}.Release|Any CPU.ActiveCfg = Release|Any CPU
		{BBD012C5-4170-4C6F-978F-F81456B64534}.Release|Any CPU.Build.0 = Release|Any CPU
		{72D6D921-F46E-4A18-904E-6142F0811FD4}.Debug|Any CPU.ActiveCfg = Debug|Any CPU
		{72D6D921-F46E-4A18-904E-6142F0811FD4}.Debug|Any CPU.Build.0 = Debug|Any CPU
		{72D6D921-F46E-4A18-904E-6142F0811FD4}.Release|Any CPU.ActiveCfg = Release|Any CPU
		{72D6D921-F46E-4A18-904E-6142F0811FD4}.Release|Any CPU.Build.0 = Release|Any CPU
		{B43ACA0B-B37E-4CE3-AEA4-5353A15F49F4}.Debug|Any CPU.ActiveCfg = Debug|Any CPU
		{B43ACA0B-B37E-4CE3-AEA4-5353A15F49F4}.Debug|Any CPU.Build.0 = Debug|Any CPU
		{B43ACA0B-B37E-4CE3-AEA4-5353A15F49F4}.Release|Any CPU.ActiveCfg = Release|Any CPU
		{B43ACA0B-B37E-4CE3-AEA4-5353A15F49F4}.Release|Any CPU.Build.0 = Release|Any CPU
		{39B06216-8A51-4985-BC40-9ECEBA332768}.Debug|Any CPU.ActiveCfg = Debug|Any CPU
		{39B06216-8A51-4985-BC40-9ECEBA332768}.Debug|Any CPU.Build.0 = Debug|Any CPU
		{39B06216-8A51-4985-BC40-9ECEBA332768}.Release|Any CPU.ActiveCfg = Release|Any CPU
		{39B06216-8A51-4985-BC40-9ECEBA332768}.Release|Any CPU.Build.0 = Release|Any CPU
		{6C39BFDB-4563-4574-8333-DC79F4FC02CB}.Debug|Any CPU.ActiveCfg = Debug|Any CPU
		{6C39BFDB-4563-4574-8333-DC79F4FC02CB}.Debug|Any CPU.Build.0 = Debug|Any CPU
		{6C39BFDB-4563-4574-8333-DC79F4FC02CB}.Release|Any CPU.ActiveCfg = Release|Any CPU
		{6C39BFDB-4563-4574-8333-DC79F4FC02CB}.Release|Any CPU.Build.0 = Release|Any CPU
		{D01C008B-FA64-42EE-8E04-0F963D73EA16}.Debug|Any CPU.ActiveCfg = Debug|Any CPU
		{D01C008B-FA64-42EE-8E04-0F963D73EA16}.Debug|Any CPU.Build.0 = Debug|Any CPU
		{D01C008B-FA64-42EE-8E04-0F963D73EA16}.Release|Any CPU.ActiveCfg = Release|Any CPU
		{D01C008B-FA64-42EE-8E04-0F963D73EA16}.Release|Any CPU.Build.0 = Release|Any CPU
		{2424DF35-BAA3-426A-9104-229CEA8DBC7B}.Debug|Any CPU.ActiveCfg = Debug|Any CPU
		{2424DF35-BAA3-426A-9104-229CEA8DBC7B}.Debug|Any CPU.Build.0 = Debug|Any CPU
		{2424DF35-BAA3-426A-9104-229CEA8DBC7B}.Release|Any CPU.ActiveCfg = Release|Any CPU
		{2424DF35-BAA3-426A-9104-229CEA8DBC7B}.Release|Any CPU.Build.0 = Release|Any CPU
		{3FD9AB0C-EF5C-4187-9DC2-F5C98CA0ED77}.Debug|Any CPU.ActiveCfg = Debug|Any CPU
		{3FD9AB0C-EF5C-4187-9DC2-F5C98CA0ED77}.Debug|Any CPU.Build.0 = Debug|Any CPU
		{3FD9AB0C-EF5C-4187-9DC2-F5C98CA0ED77}.Release|Any CPU.ActiveCfg = Release|Any CPU
		{3FD9AB0C-EF5C-4187-9DC2-F5C98CA0ED77}.Release|Any CPU.Build.0 = Release|Any CPU
		{B3B7B354-1537-4CAC-943A-4C68E0B52669}.Debug|Any CPU.ActiveCfg = Debug|Any CPU
		{B3B7B354-1537-4CAC-943A-4C68E0B52669}.Debug|Any CPU.Build.0 = Debug|Any CPU
		{B3B7B354-1537-4CAC-943A-4C68E0B52669}.Release|Any CPU.ActiveCfg = Release|Any CPU
		{B3B7B354-1537-4CAC-943A-4C68E0B52669}.Release|Any CPU.Build.0 = Release|Any CPU
		{D215CB0D-E033-46E7-8B5B-7BEF4A14D6A8}.Debug|Any CPU.ActiveCfg = Debug|Any CPU
		{D215CB0D-E033-46E7-8B5B-7BEF4A14D6A8}.Debug|Any CPU.Build.0 = Debug|Any CPU
		{D215CB0D-E033-46E7-8B5B-7BEF4A14D6A8}.Release|Any CPU.ActiveCfg = Release|Any CPU
		{D215CB0D-E033-46E7-8B5B-7BEF4A14D6A8}.Release|Any CPU.Build.0 = Release|Any CPU
	EndGlobalSection
	GlobalSection(SolutionProperties) = preSolution
		HideSolutionNode = FALSE
	EndGlobalSection
	GlobalSection(NestedProjects) = preSolution
		{B41109B9-E837-47C4-98A9-320DFCEFFC3C} = {CC528640-21A8-4D9B-8594-010A77C6EDCD}
		{BBD012C5-4170-4C6F-978F-F81456B64534} = {CC528640-21A8-4D9B-8594-010A77C6EDCD}
		{72D6D921-F46E-4A18-904E-6142F0811FD4} = {CC528640-21A8-4D9B-8594-010A77C6EDCD}
		{B43ACA0B-B37E-4CE3-AEA4-5353A15F49F4} = {0BBDB536-D8C2-4FE4-AC59-2CBB3EE9F499}
		{39B06216-8A51-4985-BC40-9ECEBA332768} = {0BBDB536-D8C2-4FE4-AC59-2CBB3EE9F499}
		{6C39BFDB-4563-4574-8333-DC79F4FC02CB} = {386EF834-2B07-4AAE-8E93-B348BF741CDB}
		{D01C008B-FA64-42EE-8E04-0F963D73EA16} = {0FE41EA5-058B-4DA7-BF3E-D1A103CE39ED}
		{2424DF35-BAA3-426A-9104-229CEA8DBC7B} = {0FE41EA5-058B-4DA7-BF3E-D1A103CE39ED}
		{3FD9AB0C-EF5C-4187-9DC2-F5C98CA0ED77} = {CC528640-21A8-4D9B-8594-010A77C6EDCD}
		{B3B7B354-1537-4CAC-943A-4C68E0B52669} = {CC528640-21A8-4D9B-8594-010A77C6EDCD}
		{D215CB0D-E033-46E7-8B5B-7BEF4A14D6A8} = {CC528640-21A8-4D9B-8594-010A77C6EDCD}
	EndGlobalSection
	GlobalSection(ExtensibilityGlobals) = postSolution
		SolutionGuid = {6FBB31D9-7589-48E1-AA1F-1DBD0019203B}
	EndGlobalSection
EndGlobal
